
Microsoft Visual Studio Solution File, Format Version 12.00
# Visual Studio 15
Project("{FAE04EC0-301F-11D3-BF4B-00C04F79EFBC}") = "Assembly-CSharp", "Assembly-CSharp.csproj", "{A25C25BF-1F66-73B2-4766-9252C517BE3E}"
EndProject
Project("{FAE04EC0-301F-11D3-BF4B-00C04F79EFBC}") = "Assembly-CSharp-Editor", "Assembly-CSharp-Editor.csproj", "{A4D52B00-F1AD-CDF6-0FE4-046016C0B07B}"
EndProject
Global
	GlobalSection(SolutionConfigurationPlatforms) = preSolution
		Debug|Any CPU = Debug|Any CPU
		Release|Any CPU = Release|Any CPU
	EndGlobalSection
	GlobalSection(ProjectConfigurationPlatforms) = postSolution
		{A25C25BF-1F66-73B2-4766-9252C517BE3E}.Debug|Any CPU.ActiveCfg = Debug|Any CPU
		{A25C25BF-1F66-73B2-4766-9252C517BE3E}.Debug|Any CPU.Build.0 = Debug|Any CPU
		{A25C25BF-1F66-73B2-4766-9252C517BE3E}.Release|Any CPU.ActiveCfg = Release|Any CPU
		{A25C25BF-1F66-73B2-4766-9252C517BE3E}.Release|Any CPU.Build.0 = Release|Any CPU
		{A4D52B00-F1AD-CDF6-0FE4-046016C0B07B}.Debug|Any CPU.ActiveCfg = Debug|Any CPU
		{A4D52B00-F1AD-CDF6-0FE4-046016C0B07B}.Debug|Any CPU.Build.0 = Debug|Any CPU
		{A4D52B00-F1AD-CDF6-0FE4-046016C0B07B}.Release|Any CPU.ActiveCfg = Release|Any CPU
		{A4D52B00-F1AD-CDF6-0FE4-046016C0B07B}.Release|Any CPU.Build.0 = Release|Any CPU
	EndGlobalSection
	GlobalSection(SolutionProperties) = preSolution
		HideSolutionNode = FALSE
	EndGlobalSection
EndGlobal
